
Microsoft Visual Studio Solution File, Format Version 12.00
# Visual Studio Version 17
VisualStudioVersion = 17.1.32328.378
MinimumVisualStudioVersion = 10.0.40219.1
Project("{FAE04EC0-301F-11D3-BF4B-00C04F79EFBC}") = "Scoped-Singleton-Transient", "Scoped-Singleton-Transient.csproj", "{280FC8B9-2F1D-4BCA-8B5A-582ECF2C1B39}"
EndProject
Global
	GlobalSection(SolutionConfigurationPlatforms) = preSolution
		Debug|Any CPU = Debug|Any CPU
		Release|Any CPU = Release|Any CPU
	EndGlobalSection
	GlobalSection(ProjectConfigurationPlatforms) = postSolution
		{280FC8B9-2F1D-4BCA-8B5A-582ECF2C1B39}.Debug|Any CPU.ActiveCfg = Debug|Any CPU
		{280FC8B9-2F1D-4BCA-8B5A-582ECF2C1B39}.Debug|Any CPU.Build.0 = Debug|Any CPU
		{280FC8B9-2F1D-4BCA-8B5A-582ECF2C1B39}.Release|Any CPU.ActiveCfg = Release|Any CPU
		{280FC8B9-2F1D-4BCA-8B5A-582ECF2C1B39}.Release|Any CPU.Build.0 = Release|Any CPU
	EndGlobalSection
	GlobalSection(SolutionProperties) = preSolution
		HideSolutionNode = FALSE
	EndGlobalSection
	GlobalSection(ExtensibilityGlobals) = postSolution
		SolutionGuid = {5E4AC6CC-4A30-4142-94D4-D23FBAE43147}
	EndGlobalSection
EndGlobal
